// !$*UTF8*$!
{
	archiveVersion = 1;
	classes = {
	};
	objectVersion = 46;
	objects = {

/* Begin PBXBuildFile section */
		DE8459AF1D9B450700B6DE36 /* AppDelegate.swift in Sources */ = {isa = PBXBuildFile; fileRef = DE8459AE1D9B450700B6DE36 /* AppDelegate.swift */; };
		DE8459B11D9B450700B6DE36 /* ViewController.swift in Sources */ = {isa = PBXBuildFile; fileRef = DE8459B01D9B450700B6DE36 /* ViewController.swift */; };
		DE8459B41D9B450700B6DE36 /* Main.storyboard in Resources */ = {isa = PBXBuildFile; fileRef = DE8459B21D9B450700B6DE36 /* Main.storyboard */; };
		DE8459B61D9B450700B6DE36 /* Assets.xcassets in Resources */ = {isa = PBXBuildFile; fileRef = DE8459B51D9B450700B6DE36 /* Assets.xcassets */; };
		DE8459B91D9B450700B6DE36 /* LaunchScreen.storyboard in Resources */ = {isa = PBXBuildFile; fileRef = DE8459B71D9B450700B6DE36 /* LaunchScreen.storyboard */; };
		DE9B4CA31D9C33FD00AA8CD8 /* FakePinViewController.swift in Sources */ = {isa = PBXBuildFile; fileRef = DE9B4CA21D9C33FD00AA8CD8 /* FakePinViewController.swift */; };
		DE9B4CAA1D9C762E00AA8CD8 /* FakePin.storyboard in Resources */ = {isa = PBXBuildFile; fileRef = DE9B4CA81D9C762E00AA8CD8 /* FakePin.storyboard */; };
/* End PBXBuildFile section */

/* Begin PBXFileReference section */
		DE8459AB1D9B450700B6DE36 /* Testing View Loading.app */ = {isa = PBXFileReference; explicitFileType = wrapper.application; includeInIndex = 0; path = "Testing View Loading.app"; sourceTree = BUILT_PRODUCTS_DIR; };
		DE8459AE1D9B450700B6DE36 /* AppDelegate.swift */ = {isa = PBXFileReference; lastKnownFileType = sourcecode.swift; path = AppDelegate.swift; sourceTree = "<group>"; };
		DE8459B01D9B450700B6DE36 /* ViewController.swift */ = {isa = PBXFileReference; lastKnownFileType = sourcecode.swift; path = ViewController.swift; sourceTree = "<group>"; };
		DE8459B31D9B450700B6DE36 /* Base */ = {isa = PBXFileReference; lastKnownFileType = file.storyboard; name = Base; path = Base.lproj/Main.storyboard; sourceTree = "<group>"; };
		DE8459B51D9B450700B6DE36 /* Assets.xcassets */ = {isa = PBXFileReference; lastKnownFileType = folder.assetcatalog; path = Assets.xcassets; sourceTree = "<group>"; };
		DE8459B81D9B450700B6DE36 /* Base */ = {isa = PBXFileReference; lastKnownFileType = file.storyboard; name = Base; path = Base.lproj/LaunchScreen.storyboard; sourceTree = "<group>"; };
		DE8459BA1D9B450700B6DE36 /* Info.plist */ = {isa = PBXFileReference; lastKnownFileType = text.plist.xml; path = Info.plist; sourceTree = "<group>"; };
		DE9B4CA21D9C33FD00AA8CD8 /* FakePinViewController.swift */ = {isa = PBXFileReference; fileEncoding = 4; lastKnownFileType = sourcecode.swift; path = FakePinViewController.swift; sourceTree = "<group>"; };
		DE9B4CA91D9C762E00AA8CD8 /* Base */ = {isa = PBXFileReference; lastKnownFileType = file.storyboard; name = Base; path = Base.lproj/FakePin.storyboard; sourceTree = "<group>"; };
/* End PBXFileReference section */

/* Begin PBXFrameworksBuildPhase section */
		DE8459A81D9B450700B6DE36 /* Frameworks */ = {
			isa = PBXFrameworksBuildPhase;
			buildActionMask = 2147483647;
			files = (
			);
			runOnlyForDeploymentPostprocessing = 0;
		};
/* End PBXFrameworksBuildPhase section */

/* Begin PBXGroup section */
		DE8459A21D9B450700B6DE36 = {
			isa = PBXGroup;
			children = (
				DE8459AD1D9B450700B6DE36 /* Testing View Loading */,
				DE8459AC1D9B450700B6DE36 /* Products */,
			);
			sourceTree = "<group>";
		};
		DE8459AC1D9B450700B6DE36 /* Products */ = {
			isa = PBXGroup;
			children = (
				DE8459AB1D9B450700B6DE36 /* Testing View Loading.app */,
			);
			name = Products;
			sourceTree = "<group>";
		};
		DE8459AD1D9B450700B6DE36 /* Testing View Loading */ = {
			isa = PBXGroup;
			children = (
				DE8459AE1D9B450700B6DE36 /* AppDelegate.swift */,
				DE8459B01D9B450700B6DE36 /* ViewController.swift */,
				DE9B4CA81D9C762E00AA8CD8 /* FakePin.storyboard */,
				DE8459B21D9B450700B6DE36 /* Main.storyboard */,
				DE9B4CA21D9C33FD00AA8CD8 /* FakePinViewController.swift */,
				DE8459B51D9B450700B6DE36 /* Assets.xcassets */,
				DE8459B71D9B450700B6DE36 /* LaunchScreen.storyboard */,
				DE8459BA1D9B450700B6DE36 /* Info.plist */,
			);
			path = "Testing View Loading";
			sourceTree = "<group>";
		};
/* End PBXGroup section */

/* Begin PBXNativeTarget section */
		DE8459AA1D9B450700B6DE36 /* Testing View Loading */ = {
			isa = PBXNativeTarget;
			buildConfigurationList = DE8459BD1D9B450700B6DE36 /* Build configuration list for PBXNativeTarget "Testing View Loading" */;
			buildPhases = (
				DE8459A71D9B450700B6DE36 /* Sources */,
				DE8459A81D9B450700B6DE36 /* Frameworks */,
				DE8459A91D9B450700B6DE36 /* Resources */,
			);
			buildRules = (
			);
			dependencies = (
			);
			name = "Testing View Loading";
			productName = "Testing View Loading";
			productReference = DE8459AB1D9B450700B6DE36 /* Testing View Loading.app */;
			productType = "com.apple.product-type.application";
		};
/* End PBXNativeTarget section */

/* Begin PBXProject section */
		DE8459A31D9B450700B6DE36 /* Project object */ = {
			isa = PBXProject;
			attributes = {
				LastSwiftUpdateCheck = 0800;
				LastUpgradeCheck = 0800;
				ORGANIZATIONNAME = "Wesley Van der Klomp";
				TargetAttributes = {
					DE8459AA1D9B450700B6DE36 = {
						CreatedOnToolsVersion = 8.0;
						DevelopmentTeam = B2HHR6H4K6;
						ProvisioningStyle = Automatic;
					};
				};
			};
			buildConfigurationList = DE8459A61D9B450700B6DE36 /* Build configuration list for PBXProject "Testing View Loading" */;
			compatibilityVersion = "Xcode 3.2";
			developmentRegion = English;
			hasScannedForEncodings = 0;
			knownRegions = (
				en,
				Base,
			);
			mainGroup = DE8459A21D9B450700B6DE36;
			productRefGroup = DE8459AC1D9B450700B6DE36 /* Products */;
			projectDirPath = "";
			projectRoot = "";
			targets = (
				DE8459AA1D9B450700B6DE36 /* Testing View Loading */,
			);
		};
/* End PBXProject section */

/* Begin PBXResourcesBuildPhase section */
		DE8459A91D9B450700B6DE36 /* Resources */ = {
			isa = PBXResourcesBuildPhase;
			buildActionMask = 2147483647;
			files = (
				DE8459B91D9B450700B6DE36 /* LaunchScreen.storyboard in Resources */,
				DE8459B61D9B450700B6DE36 /* Assets.xcassets in Resources */,
				DE8459B41D9B450700B6DE36 /* Main.storyboard in Resources */,
				DE9B4CAA1D9C762E00AA8CD8 /* FakePin.storyboard in Resources */,
			);
			runOnlyForDeploymentPostprocessing = 0;
		};
/* End PBXResourcesBuildPhase section */

/* Begin PBXSourcesBuildPhase section */
		DE8459A71D9B450700B6DE36 /* Sources */ = {
			isa = PBXSourcesBuildPhase;
			buildActionMask = 2147483647;
			files = (
				DE9B4CA31D9C33FD00AA8CD8 /* FakePinViewController.swift in Sources */,
				DE8459B11D9B450700B6DE36 /* ViewController.swift in Sources */,
				DE8459AF1D9B450700B6DE36 /* AppDelegate.swift in Sources */,
			);
			runOnlyForDeploymentPostprocessing = 0;
		};
/* End PBXSourcesBuildPhase section */

/* Begin PBXVariantGroup section */
		DE8459B21D9B450700B6DE36 /* Main.storyboard */ = {
			isa = PBXVariantGroup;
			children = (
				DE8459B31D9B450700B6DE36 /* Base */,
			);
			name = Main.storyboard;
			sourceTree = "<group>";
		};
		DE8459B71D9B450700B6DE36 /* LaunchScreen.storyboard */ = {
			isa = PBXVariantGroup;
			children = (
				DE8459B81D9B450700B6DE36 /* Base */,
			);
			name = LaunchScreen.storyboard;
			sourceTree = "<group>";
		};
		DE9B4CA81D9C762E00AA8CD8 /* FakePin.storyboard */ = {
			isa = PBXVariantGroup;
			children = (
				DE9B4CA91D9C762E00AA8CD8 /* Base */,
			);
			name = FakePin.storyboard;
			sourceTree = "<group>";
		};
/* End PBXVariantGroup section */

/* Begin XCBuildConfiguration section */
		DE8459BB1D9B450700B6DE36 /* Debug */ = {
			isa = XCBuildConfiguration;
			buildSettings = {
				ALWAYS_SEARCH_USER_PATHS = NO;
				CLANG_ANALYZER_NONNULL = YES;
				CLANG_CXX_LANGUAGE_STANDARD = "gnu++0x";
				CLANG_CXX_LIBRARY = "libc++";
				CLANG_ENABLE_MODULES = YES;
				CLANG_ENABLE_OBJC_ARC = YES;
				CLANG_WARN_BOOL_CONVERSION = YES;
				CLANG_WARN_CONSTANT_CONVERSION = YES;
				CLANG_WARN_DIRECT_OBJC_ISA_USAGE = YES_ERROR;
				CLANG_WARN_DOCUMENTATION_COMMENTS = YES;
				CLANG_WARN_EMPTY_BODY = YES;
				CLANG_WARN_ENUM_CONVERSION = YES;
				CLANG_WARN_INFINITE_RECURSION = YES;
				CLANG_WARN_INT_CONVERSION = YES;
				CLANG_WARN_OBJC_ROOT_CLASS = YES_ERROR;
				CLANG_WARN_SUSPICIOUS_MOVES = YES;
				CLANG_WARN_UNREACHABLE_CODE = YES;
				CLANG_WARN__DUPLICATE_METHOD_MATCH = YES;
				"CODE_SIGN_IDENTITY[sdk=iphoneos*]" = "iPhone Developer";
				COPY_PHASE_STRIP = NO;
				DEBUG_INFORMATION_FORMAT = dwarf;
				ENABLE_STRICT_OBJC_MSGSEND = YES;
				ENABLE_TESTABILITY = YES;
				GCC_C_LANGUAGE_STANDARD = gnu99;
				GCC_DYNAMIC_NO_PIC = NO;
				GCC_NO_COMMON_BLOCKS = YES;
				GCC_OPTIMIZATION_LEVEL = 0;
				GCC_PREPROCESSOR_DEFINITIONS = (
					"DEBUG=1",
					"$(inherited)",
				);
				GCC_WARN_64_TO_32_BIT_CONVERSION = YES;
				GCC_WARN_ABOUT_RETURN_TYPE = YES_ERROR;
				GCC_WARN_UNDECLARED_SELECTOR = YES;
				GCC_WARN_UNINITIALIZED_AUTOS = YES_AGGRESSIVE;
				GCC_WARN_UNUSED_FUNCTION = YES;
				GCC_WARN_UNUSED_VARIABLE = YES;
				IPHONEOS_DEPLOYMENT_TARGET = 10.0;
				MTL_ENABLE_DEBUG_INFO = YES;
				ONLY_ACTIVE_ARCH = YES;
				SDKROOT = iphoneos;
				SWIFT_ACTIVE_COMPILATION_CONDITIONS = DEBUG;
				SWIFT_OPTIMIZATION_LEVEL = "-Onone";
			};
			name = Debug;
		};
		DE8459BC1D9B450700B6DE36 /* Release */ = {
			isa = XCBuildConfiguration;
			buildSettings = {
				ALWAYS_SEARCH_USER_PATHS = NO;
				CLANG_ANALYZER_NONNULL = YES;
				CLANG_CXX_LANGUAGE_STANDARD = "gnu++0x";
				CLANG_CXX_LIBRARY = "libc++";
				CLANG_ENABLE_MODULES = YES;
				CLANG_ENABLE_OBJC_ARC = YES;
				CLANG_WARN_BOOL_CONVERSION = YES;
				CLANG_WARN_CONSTANT_CONVERSION = YES;
				CLANG_WARN_DIRECT_OBJC_ISA_USAGE = YES_ERROR;
				CLANG_WARN_DOCUMENTATION_COMMENTS = YES;
				CLANG_WARN_EMPTY_BODY = YES;
				CLANG_WARN_ENUM_CONVERSION = YES;
				CLANG_WARN_INFINITE_RECURSION = YES;
				CLANG_WARN_INT_CONVERSION = YES;
				CLANG_WARN_OBJC_ROOT_CLASS = YES_ERROR;
				CLANG_WARN_SUSPICIOUS_MOVES = YES;
				CLANG_WARN_UNREACHABLE_CODE = YES;
				CLANG_WARN__DUPLICATE_METHOD_MATCH = YES;
				"CODE_SIGN_IDENTITY[sdk=iphoneos*]" = "iPhone Developer";
				COPY_PHASE_STRIP = NO;
				DEBUG_INFORMATION_FORMAT = "dwarf-with-dsym";
				ENABLE_NS_ASSERTIONS = NO;
				ENABLE_STRICT_OBJC_MSGSEND = YES;
				GCC_C_LANGUAGE_STANDARD = gnu99;
				GCC_NO_COMMON_BLOCKS = YES;
				GCC_WARN_64_TO_32_BIT_CONVERSION = YES;
				GCC_WARN_ABOUT_RETURN_TYPE = YES_ERROR;
				GCC_WARN_UNDECLARED_SELECTOR = YES;
				GCC_WARN_UNINITIALIZED_AUTOS = YES_AGGRESSIVE;
				GCC_WARN_UNUSED_FUNCTION = YES;
				GCC_WARN_UNUSED_VARIABLE = YES;
				IPHONEOS_DEPLOYMENT_TARGET = 10.0;
				MTL_ENABLE_DEBUG_INFO = NO;
				SDKROOT = iphoneos;
				SWIFT_OPTIMIZATION_LEVEL = "-Owholemodule";
				VALIDATE_PRODUCT = YES;
			};
			name = Release;
		};
		DE8459BE1D9B450700B6DE36 /* Debug */ = {
			isa = XCBuildConfiguration;
			buildSettings = {
				ASSETCATALOG_COMPILER_APPICON_NAME = AppIcon;
				DEVELOPMENT_TEAM = B2HHR6H4K6;
				INFOPLIST_FILE = "Testing View Loading/Info.plist";
				LD_RUNPATH_SEARCH_PATHS = "$(inherited) @executable_path/Frameworks";
				PRODUCT_BUNDLE_IDENTIFIER = "wvdk.Testing-View-Loading";
				PRODUCT_NAME = "$(TARGET_NAME)";
				SWIFT_VERSION = 3.0;
			};
			name = Debug;
		};
		DE8459BF1D9B450700B6DE36 /* Release */ = {
			isa = XCBuildConfiguration;
			buildSettings = {
				ASSETCATALOG_COMPILER_APPICON_NAME = AppIcon;
				DEVELOPMENT_TEAM = B2HHR6H4K6;
				INFOPLIST_FILE = "Testing View Loading/Info.plist";
				LD_RUNPATH_SEARCH_PATHS = "$(inherited) @executable_path/Frameworks";
				PRODUCT_BUNDLE_IDENTIFIER = "wvdk.Testing-View-Loading";
				PRODUCT_NAME = "$(TARGET_NAME)";
				SWIFT_VERSION = 3.0;
			};
			name = Release;
		};
/* End XCBuildConfiguration section */

/* Begin XCConfigurationList section */
		DE8459A61D9B450700B6DE36 /* Build configuration list for PBXProject "Testing View Loading" */ = {
			isa = XCConfigurationList;
			buildConfigurations = (
				DE8459BB1D9B450700B6DE36 /* Debug */,
				DE8459BC1D9B450700B6DE36 /* Release */,
			);
			defaultConfigurationIsVisible = 0;
			defaultConfigurationName = Release;
		};
		DE8459BD1D9B450700B6DE36 /* Build configuration list for PBXNativeTarget "Testing View Loading" */ = {
			isa = XCConfigurationList;
			buildConfigurations = (
				DE8459BE1D9B450700B6DE36 /* Debug */,
				DE8459BF1D9B450700B6DE36 /* Release */,
			);
			defaultConfigurationIsVisible = 0;
			defaultConfigurationName = Release;
		};
/* End XCConfigurationList section */
	};
	rootObject = DE8459A31D9B450700B6DE36 /* Project object */;
}
