// !$*UTF8*$!
{
	archiveVersion = 1;
	classes = {
	};
	objectVersion = 50;
	objects = {

/* Begin PBXBuildFile section */
		DE11716B20DC754F004E1D96 /* AppDelegate.swift in Sources */ = {isa = PBXBuildFile; fileRef = DE11716A20DC754F004E1D96 /* AppDelegate.swift */; };
		DE11716D20DC754F004E1D96 /* ViewController.swift in Sources */ = {isa = PBXBuildFile; fileRef = DE11716C20DC754F004E1D96 /* ViewController.swift */; };
		DE11717020DC754F004E1D96 /* Main.storyboard in Resources */ = {isa = PBXBuildFile; fileRef = DE11716E20DC754F004E1D96 /* Main.storyboard */; };
		DE11717220DC7550004E1D96 /* Assets.xcassets in Resources */ = {isa = PBXBuildFile; fileRef = DE11717120DC7550004E1D96 /* Assets.xcassets */; };
		DE11717520DC7550004E1D96 /* LaunchScreen.storyboard in Resources */ = {isa = PBXBuildFile; fileRef = DE11717320DC7550004E1D96 /* LaunchScreen.storyboard */; };
		DE11717E20DC757A004E1D96 /* MyCustomClass.swift in Sources */ = {isa = PBXBuildFile; fileRef = DE11717D20DC757A004E1D96 /* MyCustomClass.swift */; };
/* End PBXBuildFile section */

/* Begin PBXFileReference section */
		DE11716720DC754F004E1D96 /* TestingPlaygrounds.app */ = {isa = PBXFileReference; explicitFileType = wrapper.application; includeInIndex = 0; path = TestingPlaygrounds.app; sourceTree = BUILT_PRODUCTS_DIR; };
		DE11716A20DC754F004E1D96 /* AppDelegate.swift */ = {isa = PBXFileReference; lastKnownFileType = sourcecode.swift; path = AppDelegate.swift; sourceTree = "<group>"; };
		DE11716C20DC754F004E1D96 /* ViewController.swift */ = {isa = PBXFileReference; lastKnownFileType = sourcecode.swift; path = ViewController.swift; sourceTree = "<group>"; };
		DE11716F20DC754F004E1D96 /* Base */ = {isa = PBXFileReference; lastKnownFileType = file.storyboard; name = Base; path = Base.lproj/Main.storyboard; sourceTree = "<group>"; };
		DE11717120DC7550004E1D96 /* Assets.xcassets */ = {isa = PBXFileReference; lastKnownFileType = folder.assetcatalog; path = Assets.xcassets; sourceTree = "<group>"; };
		DE11717420DC7550004E1D96 /* Base */ = {isa = PBXFileReference; lastKnownFileType = file.storyboard; name = Base; path = Base.lproj/LaunchScreen.storyboard; sourceTree = "<group>"; };
		DE11717620DC7550004E1D96 /* Info.plist */ = {isa = PBXFileReference; lastKnownFileType = text.plist.xml; path = Info.plist; sourceTree = "<group>"; };
		DE11717D20DC757A004E1D96 /* MyCustomClass.swift */ = {isa = PBXFileReference; lastKnownFileType = sourcecode.swift; path = MyCustomClass.swift; sourceTree = "<group>"; };
/* End PBXFileReference section */

/* Begin PBXFrameworksBuildPhase section */
		DE11716420DC754F004E1D96 /* Frameworks */ = {
			isa = PBXFrameworksBuildPhase;
			buildActionMask = 2147483647;
			files = (
			);
			runOnlyForDeploymentPostprocessing = 0;
		};
/* End PBXFrameworksBuildPhase section */

/* Begin PBXGroup section */
		DE11715E20DC754F004E1D96 = {
			isa = PBXGroup;
			children = (
				DE11717C20DC7560004E1D96 /* MyCustomFramework */,
				DE11716920DC754F004E1D96 /* TestingPlaygrounds */,
				DE11716820DC754F004E1D96 /* Products */,
			);
			sourceTree = "<group>";
		};
		DE11716820DC754F004E1D96 /* Products */ = {
			isa = PBXGroup;
			children = (
				DE11716720DC754F004E1D96 /* TestingPlaygrounds.app */,
			);
			name = Products;
			sourceTree = "<group>";
		};
		DE11716920DC754F004E1D96 /* TestingPlaygrounds */ = {
			isa = PBXGroup;
			children = (
				DE11716A20DC754F004E1D96 /* AppDelegate.swift */,
				DE11716C20DC754F004E1D96 /* ViewController.swift */,
				DE11716E20DC754F004E1D96 /* Main.storyboard */,
				DE11717120DC7550004E1D96 /* Assets.xcassets */,
				DE11717320DC7550004E1D96 /* LaunchScreen.storyboard */,
				DE11717620DC7550004E1D96 /* Info.plist */,
			);
			path = TestingPlaygrounds;
			sourceTree = "<group>";
		};
		DE11717C20DC7560004E1D96 /* MyCustomFramework */ = {
			isa = PBXGroup;
			children = (
				DE11717D20DC757A004E1D96 /* MyCustomClass.swift */,
			);
			path = MyCustomFramework;
			sourceTree = "<group>";
		};
/* End PBXGroup section */

/* Begin PBXNativeTarget section */
		DE11716620DC754F004E1D96 /* TestingPlaygrounds */ = {
			isa = PBXNativeTarget;
			buildConfigurationList = DE11717920DC7550004E1D96 /* Build configuration list for PBXNativeTarget "TestingPlaygrounds" */;
			buildPhases = (
				DE11716320DC754F004E1D96 /* Sources */,
				DE11716420DC754F004E1D96 /* Frameworks */,
				DE11716520DC754F004E1D96 /* Resources */,
			);
			buildRules = (
			);
			dependencies = (
			);
			name = TestingPlaygrounds;
			productName = TestingPlaygrounds;
			productReference = DE11716720DC754F004E1D96 /* TestingPlaygrounds.app */;
			productType = "com.apple.product-type.application";
		};
/* End PBXNativeTarget section */

/* Begin PBXProject section */
		DE11715F20DC754F004E1D96 /* Project object */ = {
			isa = PBXProject;
			attributes = {
				LastSwiftUpdateCheck = 0940;
				LastUpgradeCheck = 0940;
				ORGANIZATIONNAME = wes;
				TargetAttributes = {
					DE11716620DC754F004E1D96 = {
						CreatedOnToolsVersion = 9.4.1;
					};
				};
			};
			buildConfigurationList = DE11716220DC754F004E1D96 /* Build configuration list for PBXProject "TestingPlaygrounds" */;
			compatibilityVersion = "Xcode 9.3";
			developmentRegion = en;
			hasScannedForEncodings = 0;
			knownRegions = (
				en,
				Base,
			);
			mainGroup = DE11715E20DC754F004E1D96;
			productRefGroup = DE11716820DC754F004E1D96 /* Products */;
			projectDirPath = "";
			projectRoot = "";
			targets = (
				DE11716620DC754F004E1D96 /* TestingPlaygrounds */,
			);
		};
/* End PBXProject section */

/* Begin PBXResourcesBuildPhase section */
		DE11716520DC754F004E1D96 /* Resources */ = {
			isa = PBXResourcesBuildPhase;
			buildActionMask = 2147483647;
			files = (
				DE11717520DC7550004E1D96 /* LaunchScreen.storyboard in Resources */,
				DE11717220DC7550004E1D96 /* Assets.xcassets in Resources */,
				DE11717020DC754F004E1D96 /* Main.storyboard in Resources */,
			);
			runOnlyForDeploymentPostprocessing = 0;
		};
/* End PBXResourcesBuildPhase section */

/* Begin PBXSourcesBuildPhase section */
		DE11716320DC754F004E1D96 /* Sources */ = {
			isa = PBXSourcesBuildPhase;
			buildActionMask = 2147483647;
			files = (
				DE11716D20DC754F004E1D96 /* ViewController.swift in Sources */,
				DE11716B20DC754F004E1D96 /* AppDelegate.swift in Sources */,
				DE11717E20DC757A004E1D96 /* MyCustomClass.swift in Sources */,
			);
			runOnlyForDeploymentPostprocessing = 0;
		};
/* End PBXSourcesBuildPhase section */

/* Begin PBXVariantGroup section */
		DE11716E20DC754F004E1D96 /* Main.storyboard */ = {
			isa = PBXVariantGroup;
			children = (
				DE11716F20DC754F004E1D96 /* Base */,
			);
			name = Main.storyboard;
			sourceTree = "<group>";
		};
		DE11717320DC7550004E1D96 /* LaunchScreen.storyboard */ = {
			isa = PBXVariantGroup;
			children = (
				DE11717420DC7550004E1D96 /* Base */,
			);
			name = LaunchScreen.storyboard;
			sourceTree = "<group>";
		};
/* End PBXVariantGroup section */

/* Begin XCBuildConfiguration section */
		DE11717720DC7550004E1D96 /* Debug */ = {
			isa = XCBuildConfiguration;
			buildSettings = {
				ALWAYS_SEARCH_USER_PATHS = NO;
				CLANG_ANALYZER_NONNULL = YES;
				CLANG_ANALYZER_NUMBER_OBJECT_CONVERSION = YES_AGGRESSIVE;
				CLANG_CXX_LANGUAGE_STANDARD = "gnu++14";
				CLANG_CXX_LIBRARY = "libc++";
				CLANG_ENABLE_MODULES = YES;
				CLANG_ENABLE_OBJC_ARC = YES;
				CLANG_ENABLE_OBJC_WEAK = YES;
				CLANG_WARN_BLOCK_CAPTURE_AUTORELEASING = YES;
				CLANG_WARN_BOOL_CONVERSION = YES;
				CLANG_WARN_COMMA = YES;
				CLANG_WARN_CONSTANT_CONVERSION = YES;
				CLANG_WARN_DEPRECATED_OBJC_IMPLEMENTATIONS = YES;
				CLANG_WARN_DIRECT_OBJC_ISA_USAGE = YES_ERROR;
				CLANG_WARN_DOCUMENTATION_COMMENTS = YES;
				CLANG_WARN_EMPTY_BODY = YES;
				CLANG_WARN_ENUM_CONVERSION = YES;
				CLANG_WARN_INFINITE_RECURSION = YES;
				CLANG_WARN_INT_CONVERSION = YES;
				CLANG_WARN_NON_LITERAL_NULL_CONVERSION = YES;
				CLANG_WARN_OBJC_IMPLICIT_RETAIN_SELF = YES;
				CLANG_WARN_OBJC_LITERAL_CONVERSION = YES;
				CLANG_WARN_OBJC_ROOT_CLASS = YES_ERROR;
				CLANG_WARN_RANGE_LOOP_ANALYSIS = YES;
				CLANG_WARN_STRICT_PROTOTYPES = YES;
				CLANG_WARN_SUSPICIOUS_MOVE = YES;
				CLANG_WARN_UNGUARDED_AVAILABILITY = YES_AGGRESSIVE;
				CLANG_WARN_UNREACHABLE_CODE = YES;
				CLANG_WARN__DUPLICATE_METHOD_MATCH = YES;
				CODE_SIGN_IDENTITY = "iPhone Developer";
				COPY_PHASE_STRIP = NO;
				DEBUG_INFORMATION_FORMAT = dwarf;
				ENABLE_STRICT_OBJC_MSGSEND = YES;
				ENABLE_TESTABILITY = YES;
				GCC_C_LANGUAGE_STANDARD = gnu11;
				GCC_DYNAMIC_NO_PIC = NO;
				GCC_NO_COMMON_BLOCKS = YES;
				GCC_OPTIMIZATION_LEVEL = 0;
				GCC_PREPROCESSOR_DEFINITIONS = (
					"DEBUG=1",
					"$(inherited)",
				);
				GCC_WARN_64_TO_32_BIT_CONVERSION = YES;
				GCC_WARN_ABOUT_RETURN_TYPE = YES_ERROR;
				GCC_WARN_UNDECLARED_SELECTOR = YES;
				GCC_WARN_UNINITIALIZED_AUTOS = YES_AGGRESSIVE;
				GCC_WARN_UNUSED_FUNCTION = YES;
				GCC_WARN_UNUSED_VARIABLE = YES;
				IPHONEOS_DEPLOYMENT_TARGET = 11.4;
				MTL_ENABLE_DEBUG_INFO = YES;
				ONLY_ACTIVE_ARCH = YES;
				SDKROOT = iphoneos;
				SWIFT_ACTIVE_COMPILATION_CONDITIONS = DEBUG;
				SWIFT_OPTIMIZATION_LEVEL = "-Onone";
			};
			name = Debug;
		};
		DE11717820DC7550004E1D96 /* Release */ = {
			isa = XCBuildConfiguration;
			buildSettings = {
				ALWAYS_SEARCH_USER_PATHS = NO;
				CLANG_ANALYZER_NONNULL = YES;
				CLANG_ANALYZER_NUMBER_OBJECT_CONVERSION = YES_AGGRESSIVE;
				CLANG_CXX_LANGUAGE_STANDARD = "gnu++14";
				CLANG_CXX_LIBRARY = "libc++";
				CLANG_ENABLE_MODULES = YES;
				CLANG_ENABLE_OBJC_ARC = YES;
				CLANG_ENABLE_OBJC_WEAK = YES;
				CLANG_WARN_BLOCK_CAPTURE_AUTORELEASING = YES;
				CLANG_WARN_BOOL_CONVERSION = YES;
				CLANG_WARN_COMMA = YES;
				CLANG_WARN_CONSTANT_CONVERSION = YES;
				CLANG_WARN_DEPRECATED_OBJC_IMPLEMENTATIONS = YES;
				CLANG_WARN_DIRECT_OBJC_ISA_USAGE = YES_ERROR;
				CLANG_WARN_DOCUMENTATION_COMMENTS = YES;
				CLANG_WARN_EMPTY_BODY = YES;
				CLANG_WARN_ENUM_CONVERSION = YES;
				CLANG_WARN_INFINITE_RECURSION = YES;
				CLANG_WARN_INT_CONVERSION = YES;
				CLANG_WARN_NON_LITERAL_NULL_CONVERSION = YES;
				CLANG_WARN_OBJC_IMPLICIT_RETAIN_SELF = YES;
				CLANG_WARN_OBJC_LITERAL_CONVERSION = YES;
				CLANG_WARN_OBJC_ROOT_CLASS = YES_ERROR;
				CLANG_WARN_RANGE_LOOP_ANALYSIS = YES;
				CLANG_WARN_STRICT_PROTOTYPES = YES;
				CLANG_WARN_SUSPICIOUS_MOVE = YES;
				CLANG_WARN_UNGUARDED_AVAILABILITY = YES_AGGRESSIVE;
				CLANG_WARN_UNREACHABLE_CODE = YES;
				CLANG_WARN__DUPLICATE_METHOD_MATCH = YES;
				CODE_SIGN_IDENTITY = "iPhone Developer";
				COPY_PHASE_STRIP = NO;
				DEBUG_INFORMATION_FORMAT = "dwarf-with-dsym";
				ENABLE_NS_ASSERTIONS = NO;
				ENABLE_STRICT_OBJC_MSGSEND = YES;
				GCC_C_LANGUAGE_STANDARD = gnu11;
				GCC_NO_COMMON_BLOCKS = YES;
				GCC_WARN_64_TO_32_BIT_CONVERSION = YES;
				GCC_WARN_ABOUT_RETURN_TYPE = YES_ERROR;
				GCC_WARN_UNDECLARED_SELECTOR = YES;
				GCC_WARN_UNINITIALIZED_AUTOS = YES_AGGRESSIVE;
				GCC_WARN_UNUSED_FUNCTION = YES;
				GCC_WARN_UNUSED_VARIABLE = YES;
				IPHONEOS_DEPLOYMENT_TARGET = 11.4;
				MTL_ENABLE_DEBUG_INFO = NO;
				SDKROOT = iphoneos;
				SWIFT_COMPILATION_MODE = wholemodule;
				SWIFT_OPTIMIZATION_LEVEL = "-O";
				VALIDATE_PRODUCT = YES;
			};
			name = Release;
		};
		DE11717A20DC7550004E1D96 /* Debug */ = {
			isa = XCBuildConfiguration;
			buildSettings = {
				ASSETCATALOG_COMPILER_APPICON_NAME = AppIcon;
				CODE_SIGN_STYLE = Automatic;
				DEVELOPMENT_TEAM = B2HHR6H4K6;
				INFOPLIST_FILE = TestingPlaygrounds/Info.plist;
				LD_RUNPATH_SEARCH_PATHS = (
					"$(inherited)",
					"@executable_path/Frameworks",
				);
				PRODUCT_BUNDLE_IDENTIFIER = com.wes.TestingPlaygrounds;
				PRODUCT_NAME = "$(TARGET_NAME)";
				SWIFT_VERSION = 4.0;
				TARGETED_DEVICE_FAMILY = "1,2";
			};
			name = Debug;
		};
		DE11717B20DC7550004E1D96 /* Release */ = {
			isa = XCBuildConfiguration;
			buildSettings = {
				ASSETCATALOG_COMPILER_APPICON_NAME = AppIcon;
				CODE_SIGN_STYLE = Automatic;
				DEVELOPMENT_TEAM = B2HHR6H4K6;
				INFOPLIST_FILE = TestingPlaygrounds/Info.plist;
				LD_RUNPATH_SEARCH_PATHS = (
					"$(inherited)",
					"@executable_path/Frameworks",
				);
				PRODUCT_BUNDLE_IDENTIFIER = com.wes.TestingPlaygrounds;
				PRODUCT_NAME = "$(TARGET_NAME)";
				SWIFT_VERSION = 4.0;
				TARGETED_DEVICE_FAMILY = "1,2";
			};
			name = Release;
		};
/* End XCBuildConfiguration section */

/* Begin XCConfigurationList section */
		DE11716220DC754F004E1D96 /* Build configuration list for PBXProject "TestingPlaygrounds" */ = {
			isa = XCConfigurationList;
			buildConfigurations = (
				DE11717720DC7550004E1D96 /* Debug */,
				DE11717820DC7550004E1D96 /* Release */,
			);
			defaultConfigurationIsVisible = 0;
			defaultConfigurationName = Release;
		};
		DE11717920DC7550004E1D96 /* Build configuration list for PBXNativeTarget "TestingPlaygrounds" */ = {
			isa = XCConfigurationList;
			buildConfigurations = (
				DE11717A20DC7550004E1D96 /* Debug */,
				DE11717B20DC7550004E1D96 /* Release */,
			);
			defaultConfigurationIsVisible = 0;
			defaultConfigurationName = Release;
		};
/* End XCConfigurationList section */
	};
	rootObject = DE11715F20DC754F004E1D96 /* Project object */;
}
