// !$*UTF8*$!
{
	archiveVersion = 1;
	classes = {
	};
	objectVersion = 46;
	objects = {

/* Begin PBXBuildFile section */
		DE6BB0251A6A50A2000E3E8E /* BoardPosition.swift in Sources */ = {isa = PBXBuildFile; fileRef = DE6BB0241A6A50A2000E3E8E /* BoardPosition.swift */; };
		DE6BB0271A6A51AC000E3E8E /* Move.swift in Sources */ = {isa = PBXBuildFile; fileRef = DE6BB0261A6A51AC000E3E8E /* Move.swift */; };
		DE6BB0291A6B1B02000E3E8E /* whichTileIsThis.swift in Sources */ = {isa = PBXBuildFile; fileRef = DE6BB0281A6B1B02000E3E8E /* whichTileIsThis.swift */; };
		DE953EE61A68793700EEABE0 /* AppDelegate.swift in Sources */ = {isa = PBXBuildFile; fileRef = DE953EE51A68793700EEABE0 /* AppDelegate.swift */; };
		DE953EE91A68793700EEABE0 /* tic_tac_toe.xcdatamodeld in Sources */ = {isa = PBXBuildFile; fileRef = DE953EE71A68793700EEABE0 /* tic_tac_toe.xcdatamodeld */; };
		DE953EEB1A68793700EEABE0 /* ViewController.swift in Sources */ = {isa = PBXBuildFile; fileRef = DE953EEA1A68793700EEABE0 /* ViewController.swift */; };
		DE953EEE1A68793700EEABE0 /* Main.storyboard in Resources */ = {isa = PBXBuildFile; fileRef = DE953EEC1A68793700EEABE0 /* Main.storyboard */; };
		DE953EF01A68793700EEABE0 /* Images.xcassets in Resources */ = {isa = PBXBuildFile; fileRef = DE953EEF1A68793700EEABE0 /* Images.xcassets */; };
		DE953EF31A68793700EEABE0 /* LaunchScreen.xib in Resources */ = {isa = PBXBuildFile; fileRef = DE953EF11A68793700EEABE0 /* LaunchScreen.xib */; };
		DE953EFF1A68793700EEABE0 /* tic_tac_toeTests.swift in Sources */ = {isa = PBXBuildFile; fileRef = DE953EFE1A68793700EEABE0 /* tic_tac_toeTests.swift */; };
		DE953F091A69F72F00EEABE0 /* GameState.swift in Sources */ = {isa = PBXBuildFile; fileRef = DE953F081A69F72F00EEABE0 /* GameState.swift */; };
		DEC84DD41A6CF56B00AEEFA7 /* AI ideas.rtf in Resources */ = {isa = PBXBuildFile; fileRef = DEC84DD31A6CF56B00AEEFA7 /* AI ideas.rtf */; };
		DEC84DD61A6CF6EC00AEEFA7 /* XKCD Tic-Tac-Toe guide.png in Resources */ = {isa = PBXBuildFile; fileRef = DEC84DD51A6CF6EB00AEEFA7 /* XKCD Tic-Tac-Toe guide.png */; };
/* End PBXBuildFile section */

/* Begin PBXContainerItemProxy section */
		DE953EF91A68793700EEABE0 /* PBXContainerItemProxy */ = {
			isa = PBXContainerItemProxy;
			containerPortal = DE953ED81A68793700EEABE0 /* Project object */;
			proxyType = 1;
			remoteGlobalIDString = DE953EDF1A68793700EEABE0;
			remoteInfo = "tic-tac-toe";
		};
/* End PBXContainerItemProxy section */

/* Begin PBXFileReference section */
		DE6BB0241A6A50A2000E3E8E /* BoardPosition.swift */ = {isa = PBXFileReference; fileEncoding = 4; lastKnownFileType = sourcecode.swift; path = BoardPosition.swift; sourceTree = "<group>"; };
		DE6BB0261A6A51AC000E3E8E /* Move.swift */ = {isa = PBXFileReference; fileEncoding = 4; lastKnownFileType = sourcecode.swift; path = Move.swift; sourceTree = "<group>"; };
		DE6BB0281A6B1B02000E3E8E /* whichTileIsThis.swift */ = {isa = PBXFileReference; fileEncoding = 4; lastKnownFileType = sourcecode.swift; path = whichTileIsThis.swift; sourceTree = "<group>"; };
		DE953EE01A68793700EEABE0 /* tic-tac-toe.app */ = {isa = PBXFileReference; explicitFileType = wrapper.application; includeInIndex = 0; path = "tic-tac-toe.app"; sourceTree = BUILT_PRODUCTS_DIR; };
		DE953EE41A68793700EEABE0 /* Info.plist */ = {isa = PBXFileReference; lastKnownFileType = text.plist.xml; path = Info.plist; sourceTree = "<group>"; };
		DE953EE51A68793700EEABE0 /* AppDelegate.swift */ = {isa = PBXFileReference; lastKnownFileType = sourcecode.swift; path = AppDelegate.swift; sourceTree = "<group>"; };
		DE953EE81A68793700EEABE0 /* tic_tac_toe.xcdatamodel */ = {isa = PBXFileReference; lastKnownFileType = wrapper.xcdatamodel; path = tic_tac_toe.xcdatamodel; sourceTree = "<group>"; };
		DE953EEA1A68793700EEABE0 /* ViewController.swift */ = {isa = PBXFileReference; lastKnownFileType = sourcecode.swift; path = ViewController.swift; sourceTree = "<group>"; };
		DE953EED1A68793700EEABE0 /* Base */ = {isa = PBXFileReference; lastKnownFileType = file.storyboard; name = Base; path = Base.lproj/Main.storyboard; sourceTree = "<group>"; };
		DE953EEF1A68793700EEABE0 /* Images.xcassets */ = {isa = PBXFileReference; lastKnownFileType = folder.assetcatalog; path = Images.xcassets; sourceTree = "<group>"; };
		DE953EF21A68793700EEABE0 /* Base */ = {isa = PBXFileReference; lastKnownFileType = file.xib; name = Base; path = Base.lproj/LaunchScreen.xib; sourceTree = "<group>"; };
		DE953EF81A68793700EEABE0 /* tic-tac-toeTests.xctest */ = {isa = PBXFileReference; explicitFileType = wrapper.cfbundle; includeInIndex = 0; path = "tic-tac-toeTests.xctest"; sourceTree = BUILT_PRODUCTS_DIR; };
		DE953EFD1A68793700EEABE0 /* Info.plist */ = {isa = PBXFileReference; lastKnownFileType = text.plist.xml; path = Info.plist; sourceTree = "<group>"; };
		DE953EFE1A68793700EEABE0 /* tic_tac_toeTests.swift */ = {isa = PBXFileReference; lastKnownFileType = sourcecode.swift; path = tic_tac_toeTests.swift; sourceTree = "<group>"; };
		DE953F081A69F72F00EEABE0 /* GameState.swift */ = {isa = PBXFileReference; fileEncoding = 4; lastKnownFileType = sourcecode.swift; path = GameState.swift; sourceTree = "<group>"; };
		DE953F0A1A69F91B00EEABE0 /* MyPlayground.playground */ = {isa = PBXFileReference; lastKnownFileType = file.playground; path = MyPlayground.playground; sourceTree = "<group>"; };
		DEC84DD31A6CF56B00AEEFA7 /* AI ideas.rtf */ = {isa = PBXFileReference; fileEncoding = 4; lastKnownFileType = text.rtf; path = "AI ideas.rtf"; sourceTree = "<group>"; };
		DEC84DD51A6CF6EB00AEEFA7 /* XKCD Tic-Tac-Toe guide.png */ = {isa = PBXFileReference; lastKnownFileType = image.png; path = "XKCD Tic-Tac-Toe guide.png"; sourceTree = "<group>"; };
/* End PBXFileReference section */

/* Begin PBXFrameworksBuildPhase section */
		DE953EDD1A68793700EEABE0 /* Frameworks */ = {
			isa = PBXFrameworksBuildPhase;
			buildActionMask = 2147483647;
			files = (
			);
			runOnlyForDeploymentPostprocessing = 0;
		};
		DE953EF51A68793700EEABE0 /* Frameworks */ = {
			isa = PBXFrameworksBuildPhase;
			buildActionMask = 2147483647;
			files = (
			);
			runOnlyForDeploymentPostprocessing = 0;
		};
/* End PBXFrameworksBuildPhase section */

/* Begin PBXGroup section */
		DE953ED71A68793700EEABE0 = {
			isa = PBXGroup;
			children = (
				DE953EE21A68793700EEABE0 /* tic-tac-toe */,
				DE953EFB1A68793700EEABE0 /* tic-tac-toeTests */,
				DE953EE11A68793700EEABE0 /* Products */,
			);
			sourceTree = "<group>";
		};
		DE953EE11A68793700EEABE0 /* Products */ = {
			isa = PBXGroup;
			children = (
				DE953EE01A68793700EEABE0 /* tic-tac-toe.app */,
				DE953EF81A68793700EEABE0 /* tic-tac-toeTests.xctest */,
			);
			name = Products;
			sourceTree = "<group>";
		};
		DE953EE21A68793700EEABE0 /* tic-tac-toe */ = {
			isa = PBXGroup;
			children = (
				DEC84DD51A6CF6EB00AEEFA7 /* XKCD Tic-Tac-Toe guide.png */,
				DEC84DD31A6CF56B00AEEFA7 /* AI ideas.rtf */,
				DE953F0A1A69F91B00EEABE0 /* MyPlayground.playground */,
				DE953EE51A68793700EEABE0 /* AppDelegate.swift */,
				DE953EEA1A68793700EEABE0 /* ViewController.swift */,
				DE6BB0281A6B1B02000E3E8E /* whichTileIsThis.swift */,
				DE6BB0261A6A51AC000E3E8E /* Move.swift */,
				DE6BB0241A6A50A2000E3E8E /* BoardPosition.swift */,
				DE953F081A69F72F00EEABE0 /* GameState.swift */,
				DE953EEC1A68793700EEABE0 /* Main.storyboard */,
				DE953EEF1A68793700EEABE0 /* Images.xcassets */,
				DE953EF11A68793700EEABE0 /* LaunchScreen.xib */,
				DE953EE71A68793700EEABE0 /* tic_tac_toe.xcdatamodeld */,
				DE953EE31A68793700EEABE0 /* Supporting Files */,
			);
			path = "tic-tac-toe";
			sourceTree = "<group>";
		};
		DE953EE31A68793700EEABE0 /* Supporting Files */ = {
			isa = PBXGroup;
			children = (
				DE953EE41A68793700EEABE0 /* Info.plist */,
			);
			name = "Supporting Files";
			sourceTree = "<group>";
		};
		DE953EFB1A68793700EEABE0 /* tic-tac-toeTests */ = {
			isa = PBXGroup;
			children = (
				DE953EFE1A68793700EEABE0 /* tic_tac_toeTests.swift */,
				DE953EFC1A68793700EEABE0 /* Supporting Files */,
			);
			path = "tic-tac-toeTests";
			sourceTree = "<group>";
		};
		DE953EFC1A68793700EEABE0 /* Supporting Files */ = {
			isa = PBXGroup;
			children = (
				DE953EFD1A68793700EEABE0 /* Info.plist */,
			);
			name = "Supporting Files";
			sourceTree = "<group>";
		};
/* End PBXGroup section */

/* Begin PBXNativeTarget section */
		DE953EDF1A68793700EEABE0 /* tic-tac-toe */ = {
			isa = PBXNativeTarget;
			buildConfigurationList = DE953F021A68793700EEABE0 /* Build configuration list for PBXNativeTarget "tic-tac-toe" */;
			buildPhases = (
				DE953EDC1A68793700EEABE0 /* Sources */,
				DE953EDD1A68793700EEABE0 /* Frameworks */,
				DE953EDE1A68793700EEABE0 /* Resources */,
			);
			buildRules = (
			);
			dependencies = (
			);
			name = "tic-tac-toe";
			productName = "tic-tac-toe";
			productReference = DE953EE01A68793700EEABE0 /* tic-tac-toe.app */;
			productType = "com.apple.product-type.application";
		};
		DE953EF71A68793700EEABE0 /* tic-tac-toeTests */ = {
			isa = PBXNativeTarget;
			buildConfigurationList = DE953F051A68793700EEABE0 /* Build configuration list for PBXNativeTarget "tic-tac-toeTests" */;
			buildPhases = (
				DE953EF41A68793700EEABE0 /* Sources */,
				DE953EF51A68793700EEABE0 /* Frameworks */,
				DE953EF61A68793700EEABE0 /* Resources */,
			);
			buildRules = (
			);
			dependencies = (
				DE953EFA1A68793700EEABE0 /* PBXTargetDependency */,
			);
			name = "tic-tac-toeTests";
			productName = "tic-tac-toeTests";
			productReference = DE953EF81A68793700EEABE0 /* tic-tac-toeTests.xctest */;
			productType = "com.apple.product-type.bundle.unit-test";
		};
/* End PBXNativeTarget section */

/* Begin PBXProject section */
		DE953ED81A68793700EEABE0 /* Project object */ = {
			isa = PBXProject;
			attributes = {
				LastUpgradeCheck = 0610;
				ORGANIZATIONNAME = wvdk;
				TargetAttributes = {
					DE953EDF1A68793700EEABE0 = {
						CreatedOnToolsVersion = 6.1.1;
						DevelopmentTeam = B2HHR6H4K6;
					};
					DE953EF71A68793700EEABE0 = {
						CreatedOnToolsVersion = 6.1.1;
						TestTargetID = DE953EDF1A68793700EEABE0;
					};
				};
			};
			buildConfigurationList = DE953EDB1A68793700EEABE0 /* Build configuration list for PBXProject "tic-tac-toe" */;
			compatibilityVersion = "Xcode 3.2";
			developmentRegion = English;
			hasScannedForEncodings = 0;
			knownRegions = (
				en,
				Base,
			);
			mainGroup = DE953ED71A68793700EEABE0;
			productRefGroup = DE953EE11A68793700EEABE0 /* Products */;
			projectDirPath = "";
			projectRoot = "";
			targets = (
				DE953EDF1A68793700EEABE0 /* tic-tac-toe */,
				DE953EF71A68793700EEABE0 /* tic-tac-toeTests */,
			);
		};
/* End PBXProject section */

/* Begin PBXResourcesBuildPhase section */
		DE953EDE1A68793700EEABE0 /* Resources */ = {
			isa = PBXResourcesBuildPhase;
			buildActionMask = 2147483647;
			files = (
				DE953EEE1A68793700EEABE0 /* Main.storyboard in Resources */,
				DE953EF31A68793700EEABE0 /* LaunchScreen.xib in Resources */,
				DEC84DD61A6CF6EC00AEEFA7 /* XKCD Tic-Tac-Toe guide.png in Resources */,
				DEC84DD41A6CF56B00AEEFA7 /* AI ideas.rtf in Resources */,
				DE953EF01A68793700EEABE0 /* Images.xcassets in Resources */,
			);
			runOnlyForDeploymentPostprocessing = 0;
		};
		DE953EF61A68793700EEABE0 /* Resources */ = {
			isa = PBXResourcesBuildPhase;
			buildActionMask = 2147483647;
			files = (
			);
			runOnlyForDeploymentPostprocessing = 0;
		};
/* End PBXResourcesBuildPhase section */

/* Begin PBXSourcesBuildPhase section */
		DE953EDC1A68793700EEABE0 /* Sources */ = {
			isa = PBXSourcesBuildPhase;
			buildActionMask = 2147483647;
			files = (
				DE953EEB1A68793700EEABE0 /* ViewController.swift in Sources */,
				DE6BB0251A6A50A2000E3E8E /* BoardPosition.swift in Sources */,
				DE6BB0271A6A51AC000E3E8E /* Move.swift in Sources */,
				DE953F091A69F72F00EEABE0 /* GameState.swift in Sources */,
				DE953EE91A68793700EEABE0 /* tic_tac_toe.xcdatamodeld in Sources */,
				DE953EE61A68793700EEABE0 /* AppDelegate.swift in Sources */,
				DE6BB0291A6B1B02000E3E8E /* whichTileIsThis.swift in Sources */,
			);
			runOnlyForDeploymentPostprocessing = 0;
		};
		DE953EF41A68793700EEABE0 /* Sources */ = {
			isa = PBXSourcesBuildPhase;
			buildActionMask = 2147483647;
			files = (
				DE953EFF1A68793700EEABE0 /* tic_tac_toeTests.swift in Sources */,
			);
			runOnlyForDeploymentPostprocessing = 0;
		};
/* End PBXSourcesBuildPhase section */

/* Begin PBXTargetDependency section */
		DE953EFA1A68793700EEABE0 /* PBXTargetDependency */ = {
			isa = PBXTargetDependency;
			target = DE953EDF1A68793700EEABE0 /* tic-tac-toe */;
			targetProxy = DE953EF91A68793700EEABE0 /* PBXContainerItemProxy */;
		};
/* End PBXTargetDependency section */

/* Begin PBXVariantGroup section */
		DE953EEC1A68793700EEABE0 /* Main.storyboard */ = {
			isa = PBXVariantGroup;
			children = (
				DE953EED1A68793700EEABE0 /* Base */,
			);
			name = Main.storyboard;
			sourceTree = "<group>";
		};
		DE953EF11A68793700EEABE0 /* LaunchScreen.xib */ = {
			isa = PBXVariantGroup;
			children = (
				DE953EF21A68793700EEABE0 /* Base */,
			);
			name = LaunchScreen.xib;
			sourceTree = "<group>";
		};
/* End PBXVariantGroup section */

/* Begin XCBuildConfiguration section */
		DE953F001A68793700EEABE0 /* Debug */ = {
			isa = XCBuildConfiguration;
			buildSettings = {
				ALWAYS_SEARCH_USER_PATHS = NO;
				CLANG_CXX_LANGUAGE_STANDARD = "gnu++0x";
				CLANG_CXX_LIBRARY = "libc++";
				CLANG_ENABLE_MODULES = YES;
				CLANG_ENABLE_OBJC_ARC = YES;
				CLANG_WARN_BOOL_CONVERSION = YES;
				CLANG_WARN_CONSTANT_CONVERSION = YES;
				CLANG_WARN_DIRECT_OBJC_ISA_USAGE = YES_ERROR;
				CLANG_WARN_EMPTY_BODY = YES;
				CLANG_WARN_ENUM_CONVERSION = YES;
				CLANG_WARN_INT_CONVERSION = YES;
				CLANG_WARN_OBJC_ROOT_CLASS = YES_ERROR;
				CLANG_WARN_UNREACHABLE_CODE = YES;
				CLANG_WARN__DUPLICATE_METHOD_MATCH = YES;
				"CODE_SIGN_IDENTITY[sdk=iphoneos*]" = "iPhone Developer";
				COPY_PHASE_STRIP = NO;
				ENABLE_STRICT_OBJC_MSGSEND = YES;
				GCC_C_LANGUAGE_STANDARD = gnu99;
				GCC_DYNAMIC_NO_PIC = NO;
				GCC_OPTIMIZATION_LEVEL = 0;
				GCC_PREPROCESSOR_DEFINITIONS = (
					"DEBUG=1",
					"$(inherited)",
				);
				GCC_SYMBOLS_PRIVATE_EXTERN = NO;
				GCC_WARN_64_TO_32_BIT_CONVERSION = YES;
				GCC_WARN_ABOUT_RETURN_TYPE = YES_ERROR;
				GCC_WARN_UNDECLARED_SELECTOR = YES;
				GCC_WARN_UNINITIALIZED_AUTOS = YES_AGGRESSIVE;
				GCC_WARN_UNUSED_FUNCTION = YES;
				GCC_WARN_UNUSED_VARIABLE = YES;
				IPHONEOS_DEPLOYMENT_TARGET = 8.1;
				MTL_ENABLE_DEBUG_INFO = YES;
				ONLY_ACTIVE_ARCH = YES;
				SDKROOT = iphoneos;
				SWIFT_OPTIMIZATION_LEVEL = "-Onone";
			};
			name = Debug;
		};
		DE953F011A68793700EEABE0 /* Release */ = {
			isa = XCBuildConfiguration;
			buildSettings = {
				ALWAYS_SEARCH_USER_PATHS = NO;
				CLANG_CXX_LANGUAGE_STANDARD = "gnu++0x";
				CLANG_CXX_LIBRARY = "libc++";
				CLANG_ENABLE_MODULES = YES;
				CLANG_ENABLE_OBJC_ARC = YES;
				CLANG_WARN_BOOL_CONVERSION = YES;
				CLANG_WARN_CONSTANT_CONVERSION = YES;
				CLANG_WARN_DIRECT_OBJC_ISA_USAGE = YES_ERROR;
				CLANG_WARN_EMPTY_BODY = YES;
				CLANG_WARN_ENUM_CONVERSION = YES;
				CLANG_WARN_INT_CONVERSION = YES;
				CLANG_WARN_OBJC_ROOT_CLASS = YES_ERROR;
				CLANG_WARN_UNREACHABLE_CODE = YES;
				CLANG_WARN__DUPLICATE_METHOD_MATCH = YES;
				"CODE_SIGN_IDENTITY[sdk=iphoneos*]" = "iPhone Developer";
				COPY_PHASE_STRIP = YES;
				ENABLE_NS_ASSERTIONS = NO;
				ENABLE_STRICT_OBJC_MSGSEND = YES;
				GCC_C_LANGUAGE_STANDARD = gnu99;
				GCC_WARN_64_TO_32_BIT_CONVERSION = YES;
				GCC_WARN_ABOUT_RETURN_TYPE = YES_ERROR;
				GCC_WARN_UNDECLARED_SELECTOR = YES;
				GCC_WARN_UNINITIALIZED_AUTOS = YES_AGGRESSIVE;
				GCC_WARN_UNUSED_FUNCTION = YES;
				GCC_WARN_UNUSED_VARIABLE = YES;
				IPHONEOS_DEPLOYMENT_TARGET = 8.1;
				MTL_ENABLE_DEBUG_INFO = NO;
				SDKROOT = iphoneos;
				VALIDATE_PRODUCT = YES;
			};
			name = Release;
		};
		DE953F031A68793700EEABE0 /* Debug */ = {
			isa = XCBuildConfiguration;
			buildSettings = {
				ASSETCATALOG_COMPILER_APPICON_NAME = AppIcon;
				CODE_SIGN_IDENTITY = "iPhone Developer";
				"CODE_SIGN_IDENTITY[sdk=iphoneos*]" = "iPhone Developer";
				INFOPLIST_FILE = "tic-tac-toe/Info.plist";
				LD_RUNPATH_SEARCH_PATHS = "$(inherited) @executable_path/Frameworks";
				PRODUCT_NAME = "$(TARGET_NAME)";
				PROVISIONING_PROFILE = "";
			};
			name = Debug;
		};
		DE953F041A68793700EEABE0 /* Release */ = {
			isa = XCBuildConfiguration;
			buildSettings = {
				ASSETCATALOG_COMPILER_APPICON_NAME = AppIcon;
				CODE_SIGN_IDENTITY = "iPhone Developer";
				"CODE_SIGN_IDENTITY[sdk=iphoneos*]" = "iPhone Developer";
				INFOPLIST_FILE = "tic-tac-toe/Info.plist";
				LD_RUNPATH_SEARCH_PATHS = "$(inherited) @executable_path/Frameworks";
				PRODUCT_NAME = "$(TARGET_NAME)";
				PROVISIONING_PROFILE = "";
			};
			name = Release;
		};
		DE953F061A68793700EEABE0 /* Debug */ = {
			isa = XCBuildConfiguration;
			buildSettings = {
				BUNDLE_LOADER = "$(TEST_HOST)";
				FRAMEWORK_SEARCH_PATHS = (
					"$(SDKROOT)/Developer/Library/Frameworks",
					"$(inherited)",
				);
				GCC_PREPROCESSOR_DEFINITIONS = (
					"DEBUG=1",
					"$(inherited)",
				);
				INFOPLIST_FILE = "tic-tac-toeTests/Info.plist";
				LD_RUNPATH_SEARCH_PATHS = "$(inherited) @executable_path/Frameworks @loader_path/Frameworks";
				PRODUCT_NAME = "$(TARGET_NAME)";
				TEST_HOST = "$(BUILT_PRODUCTS_DIR)/tic-tac-toe.app/tic-tac-toe";
			};
			name = Debug;
		};
		DE953F071A68793700EEABE0 /* Release */ = {
			isa = XCBuildConfiguration;
			buildSettings = {
				BUNDLE_LOADER = "$(TEST_HOST)";
				FRAMEWORK_SEARCH_PATHS = (
					"$(SDKROOT)/Developer/Library/Frameworks",
					"$(inherited)",
				);
				INFOPLIST_FILE = "tic-tac-toeTests/Info.plist";
				LD_RUNPATH_SEARCH_PATHS = "$(inherited) @executable_path/Frameworks @loader_path/Frameworks";
				PRODUCT_NAME = "$(TARGET_NAME)";
				TEST_HOST = "$(BUILT_PRODUCTS_DIR)/tic-tac-toe.app/tic-tac-toe";
			};
			name = Release;
		};
/* End XCBuildConfiguration section */

/* Begin XCConfigurationList section */
		DE953EDB1A68793700EEABE0 /* Build configuration list for PBXProject "tic-tac-toe" */ = {
			isa = XCConfigurationList;
			buildConfigurations = (
				DE953F001A68793700EEABE0 /* Debug */,
				DE953F011A68793700EEABE0 /* Release */,
			);
			defaultConfigurationIsVisible = 0;
			defaultConfigurationName = Release;
		};
		DE953F021A68793700EEABE0 /* Build configuration list for PBXNativeTarget "tic-tac-toe" */ = {
			isa = XCConfigurationList;
			buildConfigurations = (
				DE953F031A68793700EEABE0 /* Debug */,
				DE953F041A68793700EEABE0 /* Release */,
			);
			defaultConfigurationIsVisible = 0;
			defaultConfigurationName = Release;
		};
		DE953F051A68793700EEABE0 /* Build configuration list for PBXNativeTarget "tic-tac-toeTests" */ = {
			isa = XCConfigurationList;
			buildConfigurations = (
				DE953F061A68793700EEABE0 /* Debug */,
				DE953F071A68793700EEABE0 /* Release */,
			);
			defaultConfigurationIsVisible = 0;
			defaultConfigurationName = Release;
		};
/* End XCConfigurationList section */

/* Begin XCVersionGroup section */
		DE953EE71A68793700EEABE0 /* tic_tac_toe.xcdatamodeld */ = {
			isa = XCVersionGroup;
			children = (
				DE953EE81A68793700EEABE0 /* tic_tac_toe.xcdatamodel */,
			);
			currentVersion = DE953EE81A68793700EEABE0 /* tic_tac_toe.xcdatamodel */;
			path = tic_tac_toe.xcdatamodeld;
			sourceTree = "<group>";
			versionGroupType = wrapper.xcdatamodel;
		};
/* End XCVersionGroup section */
	};
	rootObject = DE953ED81A68793700EEABE0 /* Project object */;
}
