// !$*UTF8*$!
{
	archiveVersion = 1;
	classes = {
	};
	objectVersion = 46;
	objects = {

/* Begin PBXBuildFile section */
		BDD89DA81C065B8700B5D8A2 /* AppDelegate.swift in Sources */ = {isa = PBXBuildFile; fileRef = BDD89DA71C065B8700B5D8A2 /* AppDelegate.swift */; };
		BDD89DAA1C065B8700B5D8A2 /* ViewController.swift in Sources */ = {isa = PBXBuildFile; fileRef = BDD89DA91C065B8700B5D8A2 /* ViewController.swift */; };
		BDD89DAD1C065B8700B5D8A2 /* Main.storyboard in Resources */ = {isa = PBXBuildFile; fileRef = BDD89DAB1C065B8700B5D8A2 /* Main.storyboard */; };
		BDD89DAF1C065B8700B5D8A2 /* Assets.xcassets in Resources */ = {isa = PBXBuildFile; fileRef = BDD89DAE1C065B8700B5D8A2 /* Assets.xcassets */; };
		BDD89DB21C065B8700B5D8A2 /* LaunchScreen.storyboard in Resources */ = {isa = PBXBuildFile; fileRef = BDD89DB01C065B8700B5D8A2 /* LaunchScreen.storyboard */; };
/* End PBXBuildFile section */

/* Begin PBXFileReference section */
		BDD89DA41C065B8700B5D8A2 /* Date Picker Test.app */ = {isa = PBXFileReference; explicitFileType = wrapper.application; includeInIndex = 0; path = "Date Picker Test.app"; sourceTree = BUILT_PRODUCTS_DIR; };
		BDD89DA71C065B8700B5D8A2 /* AppDelegate.swift */ = {isa = PBXFileReference; lastKnownFileType = sourcecode.swift; path = AppDelegate.swift; sourceTree = "<group>"; };
		BDD89DA91C065B8700B5D8A2 /* ViewController.swift */ = {isa = PBXFileReference; lastKnownFileType = sourcecode.swift; path = ViewController.swift; sourceTree = "<group>"; };
		BDD89DAC1C065B8700B5D8A2 /* Base */ = {isa = PBXFileReference; lastKnownFileType = file.storyboard; name = Base; path = Base.lproj/Main.storyboard; sourceTree = "<group>"; };
		BDD89DAE1C065B8700B5D8A2 /* Assets.xcassets */ = {isa = PBXFileReference; lastKnownFileType = folder.assetcatalog; path = Assets.xcassets; sourceTree = "<group>"; };
		BDD89DB11C065B8700B5D8A2 /* Base */ = {isa = PBXFileReference; lastKnownFileType = file.storyboard; name = Base; path = Base.lproj/LaunchScreen.storyboard; sourceTree = "<group>"; };
		BDD89DB31C065B8700B5D8A2 /* Info.plist */ = {isa = PBXFileReference; lastKnownFileType = text.plist.xml; path = Info.plist; sourceTree = "<group>"; };
/* End PBXFileReference section */

/* Begin PBXFrameworksBuildPhase section */
		BDD89DA11C065B8700B5D8A2 /* Frameworks */ = {
			isa = PBXFrameworksBuildPhase;
			buildActionMask = 2147483647;
			files = (
			);
			runOnlyForDeploymentPostprocessing = 0;
		};
/* End PBXFrameworksBuildPhase section */

/* Begin PBXGroup section */
		BDD89D9B1C065B8700B5D8A2 = {
			isa = PBXGroup;
			children = (
				BDD89DA61C065B8700B5D8A2 /* Date Picker Test */,
				BDD89DA51C065B8700B5D8A2 /* Products */,
			);
			sourceTree = "<group>";
		};
		BDD89DA51C065B8700B5D8A2 /* Products */ = {
			isa = PBXGroup;
			children = (
				BDD89DA41C065B8700B5D8A2 /* Date Picker Test.app */,
			);
			name = Products;
			sourceTree = "<group>";
		};
		BDD89DA61C065B8700B5D8A2 /* Date Picker Test */ = {
			isa = PBXGroup;
			children = (
				BDD89DA71C065B8700B5D8A2 /* AppDelegate.swift */,
				BDD89DA91C065B8700B5D8A2 /* ViewController.swift */,
				BDD89DAB1C065B8700B5D8A2 /* Main.storyboard */,
				BDD89DAE1C065B8700B5D8A2 /* Assets.xcassets */,
				BDD89DB01C065B8700B5D8A2 /* LaunchScreen.storyboard */,
				BDD89DB31C065B8700B5D8A2 /* Info.plist */,
			);
			path = "Date Picker Test";
			sourceTree = "<group>";
		};
/* End PBXGroup section */

/* Begin PBXNativeTarget section */
		BDD89DA31C065B8700B5D8A2 /* Date Picker Test */ = {
			isa = PBXNativeTarget;
			buildConfigurationList = BDD89DB61C065B8700B5D8A2 /* Build configuration list for PBXNativeTarget "Date Picker Test" */;
			buildPhases = (
				BDD89DA01C065B8700B5D8A2 /* Sources */,
				BDD89DA11C065B8700B5D8A2 /* Frameworks */,
				BDD89DA21C065B8700B5D8A2 /* Resources */,
			);
			buildRules = (
			);
			dependencies = (
			);
			name = "Date Picker Test";
			productName = "Date Picker Test";
			productReference = BDD89DA41C065B8700B5D8A2 /* Date Picker Test.app */;
			productType = "com.apple.product-type.application";
		};
/* End PBXNativeTarget section */

/* Begin PBXProject section */
		BDD89D9C1C065B8700B5D8A2 /* Project object */ = {
			isa = PBXProject;
			attributes = {
				LastSwiftUpdateCheck = 0710;
				LastUpgradeCheck = 0710;
				ORGANIZATIONNAME = "Wes Van der Klomp";
				TargetAttributes = {
					BDD89DA31C065B8700B5D8A2 = {
						CreatedOnToolsVersion = 7.1.1;
					};
				};
			};
			buildConfigurationList = BDD89D9F1C065B8700B5D8A2 /* Build configuration list for PBXProject "Date Picker Test" */;
			compatibilityVersion = "Xcode 3.2";
			developmentRegion = English;
			hasScannedForEncodings = 0;
			knownRegions = (
				en,
				Base,
			);
			mainGroup = BDD89D9B1C065B8700B5D8A2;
			productRefGroup = BDD89DA51C065B8700B5D8A2 /* Products */;
			projectDirPath = "";
			projectRoot = "";
			targets = (
				BDD89DA31C065B8700B5D8A2 /* Date Picker Test */,
			);
		};
/* End PBXProject section */

/* Begin PBXResourcesBuildPhase section */
		BDD89DA21C065B8700B5D8A2 /* Resources */ = {
			isa = PBXResourcesBuildPhase;
			buildActionMask = 2147483647;
			files = (
				BDD89DB21C065B8700B5D8A2 /* LaunchScreen.storyboard in Resources */,
				BDD89DAF1C065B8700B5D8A2 /* Assets.xcassets in Resources */,
				BDD89DAD1C065B8700B5D8A2 /* Main.storyboard in Resources */,
			);
			runOnlyForDeploymentPostprocessing = 0;
		};
/* End PBXResourcesBuildPhase section */

/* Begin PBXSourcesBuildPhase section */
		BDD89DA01C065B8700B5D8A2 /* Sources */ = {
			isa = PBXSourcesBuildPhase;
			buildActionMask = 2147483647;
			files = (
				BDD89DAA1C065B8700B5D8A2 /* ViewController.swift in Sources */,
				BDD89DA81C065B8700B5D8A2 /* AppDelegate.swift in Sources */,
			);
			runOnlyForDeploymentPostprocessing = 0;
		};
/* End PBXSourcesBuildPhase section */

/* Begin PBXVariantGroup section */
		BDD89DAB1C065B8700B5D8A2 /* Main.storyboard */ = {
			isa = PBXVariantGroup;
			children = (
				BDD89DAC1C065B8700B5D8A2 /* Base */,
			);
			name = Main.storyboard;
			sourceTree = "<group>";
		};
		BDD89DB01C065B8700B5D8A2 /* LaunchScreen.storyboard */ = {
			isa = PBXVariantGroup;
			children = (
				BDD89DB11C065B8700B5D8A2 /* Base */,
			);
			name = LaunchScreen.storyboard;
			sourceTree = "<group>";
		};
/* End PBXVariantGroup section */

/* Begin XCBuildConfiguration section */
		BDD89DB41C065B8700B5D8A2 /* Debug */ = {
			isa = XCBuildConfiguration;
			buildSettings = {
				ALWAYS_SEARCH_USER_PATHS = NO;
				CLANG_CXX_LANGUAGE_STANDARD = "gnu++0x";
				CLANG_CXX_LIBRARY = "libc++";
				CLANG_ENABLE_MODULES = YES;
				CLANG_ENABLE_OBJC_ARC = YES;
				CLANG_WARN_BOOL_CONVERSION = YES;
				CLANG_WARN_CONSTANT_CONVERSION = YES;
				CLANG_WARN_DIRECT_OBJC_ISA_USAGE = YES_ERROR;
				CLANG_WARN_EMPTY_BODY = YES;
				CLANG_WARN_ENUM_CONVERSION = YES;
				CLANG_WARN_INT_CONVERSION = YES;
				CLANG_WARN_OBJC_ROOT_CLASS = YES_ERROR;
				CLANG_WARN_UNREACHABLE_CODE = YES;
				CLANG_WARN__DUPLICATE_METHOD_MATCH = YES;
				"CODE_SIGN_IDENTITY[sdk=iphoneos*]" = "iPhone Developer";
				COPY_PHASE_STRIP = NO;
				DEBUG_INFORMATION_FORMAT = dwarf;
				ENABLE_STRICT_OBJC_MSGSEND = YES;
				ENABLE_TESTABILITY = YES;
				GCC_C_LANGUAGE_STANDARD = gnu99;
				GCC_DYNAMIC_NO_PIC = NO;
				GCC_NO_COMMON_BLOCKS = YES;
				GCC_OPTIMIZATION_LEVEL = 0;
				GCC_PREPROCESSOR_DEFINITIONS = (
					"DEBUG=1",
					"$(inherited)",
				);
				GCC_WARN_64_TO_32_BIT_CONVERSION = YES;
				GCC_WARN_ABOUT_RETURN_TYPE = YES_ERROR;
				GCC_WARN_UNDECLARED_SELECTOR = YES;
				GCC_WARN_UNINITIALIZED_AUTOS = YES_AGGRESSIVE;
				GCC_WARN_UNUSED_FUNCTION = YES;
				GCC_WARN_UNUSED_VARIABLE = YES;
				IPHONEOS_DEPLOYMENT_TARGET = 9.1;
				MTL_ENABLE_DEBUG_INFO = YES;
				ONLY_ACTIVE_ARCH = YES;
				SDKROOT = iphoneos;
				SWIFT_OPTIMIZATION_LEVEL = "-Onone";
			};
			name = Debug;
		};
		BDD89DB51C065B8700B5D8A2 /* Release */ = {
			isa = XCBuildConfiguration;
			buildSettings = {
				ALWAYS_SEARCH_USER_PATHS = NO;
				CLANG_CXX_LANGUAGE_STANDARD = "gnu++0x";
				CLANG_CXX_LIBRARY = "libc++";
				CLANG_ENABLE_MODULES = YES;
				CLANG_ENABLE_OBJC_ARC = YES;
				CLANG_WARN_BOOL_CONVERSION = YES;
				CLANG_WARN_CONSTANT_CONVERSION = YES;
				CLANG_WARN_DIRECT_OBJC_ISA_USAGE = YES_ERROR;
				CLANG_WARN_EMPTY_BODY = YES;
				CLANG_WARN_ENUM_CONVERSION = YES;
				CLANG_WARN_INT_CONVERSION = YES;
				CLANG_WARN_OBJC_ROOT_CLASS = YES_ERROR;
				CLANG_WARN_UNREACHABLE_CODE = YES;
				CLANG_WARN__DUPLICATE_METHOD_MATCH = YES;
				"CODE_SIGN_IDENTITY[sdk=iphoneos*]" = "iPhone Developer";
				COPY_PHASE_STRIP = NO;
				DEBUG_INFORMATION_FORMAT = "dwarf-with-dsym";
				ENABLE_NS_ASSERTIONS = NO;
				ENABLE_STRICT_OBJC_MSGSEND = YES;
				GCC_C_LANGUAGE_STANDARD = gnu99;
				GCC_NO_COMMON_BLOCKS = YES;
				GCC_WARN_64_TO_32_BIT_CONVERSION = YES;
				GCC_WARN_ABOUT_RETURN_TYPE = YES_ERROR;
				GCC_WARN_UNDECLARED_SELECTOR = YES;
				GCC_WARN_UNINITIALIZED_AUTOS = YES_AGGRESSIVE;
				GCC_WARN_UNUSED_FUNCTION = YES;
				GCC_WARN_UNUSED_VARIABLE = YES;
				IPHONEOS_DEPLOYMENT_TARGET = 9.1;
				MTL_ENABLE_DEBUG_INFO = NO;
				SDKROOT = iphoneos;
				VALIDATE_PRODUCT = YES;
			};
			name = Release;
		};
		BDD89DB71C065B8700B5D8A2 /* Debug */ = {
			isa = XCBuildConfiguration;
			buildSettings = {
				ASSETCATALOG_COMPILER_APPICON_NAME = AppIcon;
				INFOPLIST_FILE = "Date Picker Test/Info.plist";
				LD_RUNPATH_SEARCH_PATHS = "$(inherited) @executable_path/Frameworks";
				PRODUCT_BUNDLE_IDENTIFIER = "wes.vdk.Date-Picker-Test";
				PRODUCT_NAME = "$(TARGET_NAME)";
			};
			name = Debug;
		};
		BDD89DB81C065B8700B5D8A2 /* Release */ = {
			isa = XCBuildConfiguration;
			buildSettings = {
				ASSETCATALOG_COMPILER_APPICON_NAME = AppIcon;
				INFOPLIST_FILE = "Date Picker Test/Info.plist";
				LD_RUNPATH_SEARCH_PATHS = "$(inherited) @executable_path/Frameworks";
				PRODUCT_BUNDLE_IDENTIFIER = "wes.vdk.Date-Picker-Test";
				PRODUCT_NAME = "$(TARGET_NAME)";
			};
			name = Release;
		};
/* End XCBuildConfiguration section */

/* Begin XCConfigurationList section */
		BDD89D9F1C065B8700B5D8A2 /* Build configuration list for PBXProject "Date Picker Test" */ = {
			isa = XCConfigurationList;
			buildConfigurations = (
				BDD89DB41C065B8700B5D8A2 /* Debug */,
				BDD89DB51C065B8700B5D8A2 /* Release */,
			);
			defaultConfigurationIsVisible = 0;
			defaultConfigurationName = Release;
		};
		BDD89DB61C065B8700B5D8A2 /* Build configuration list for PBXNativeTarget "Date Picker Test" */ = {
			isa = XCConfigurationList;
			buildConfigurations = (
				BDD89DB71C065B8700B5D8A2 /* Debug */,
				BDD89DB81C065B8700B5D8A2 /* Release */,
			);
			defaultConfigurationIsVisible = 0;
		};
/* End XCConfigurationList section */
	};
	rootObject = BDD89D9C1C065B8700B5D8A2 /* Project object */;
}
