// !$*UTF8*$!
{
	archiveVersion = 1;
	classes = {
	};
	objectVersion = 48;
	objects = {

/* Begin PBXBuildFile section */
		DECA80491F3E24180093C5E9 /* AppDelegate.swift in Sources */ = {isa = PBXBuildFile; fileRef = DECA80481F3E24180093C5E9 /* AppDelegate.swift */; };
		DECA804F1F3E24180093C5E9 /* GameScene.swift in Sources */ = {isa = PBXBuildFile; fileRef = DECA804E1F3E24180093C5E9 /* GameScene.swift */; };
		DECA80511F3E24180093C5E9 /* ViewController.swift in Sources */ = {isa = PBXBuildFile; fileRef = DECA80501F3E24180093C5E9 /* ViewController.swift */; };
		DECA80531F3E24180093C5E9 /* Assets.xcassets in Resources */ = {isa = PBXBuildFile; fileRef = DECA80521F3E24180093C5E9 /* Assets.xcassets */; };
		DECA80561F3E24180093C5E9 /* Main.storyboard in Resources */ = {isa = PBXBuildFile; fileRef = DECA80541F3E24180093C5E9 /* Main.storyboard */; };
		DECA805F1F3EBC200093C5E9 /* Shape.swift in Sources */ = {isa = PBXBuildFile; fileRef = DECA805E1F3EBC200093C5E9 /* Shape.swift */; };
		DECA80611F3EBFED0093C5E9 /* SpriteKitRenderer.swift in Sources */ = {isa = PBXBuildFile; fileRef = DECA80601F3EBFED0093C5E9 /* SpriteKitRenderer.swift */; };
		DECA80631F3EC0D40093C5E9 /* Renderer.swift in Sources */ = {isa = PBXBuildFile; fileRef = DECA80621F3EC0D40093C5E9 /* Renderer.swift */; };
		DECA80651F4086850093C5E9 /* ShapesInventory.swift in Sources */ = {isa = PBXBuildFile; fileRef = DECA80641F4086850093C5E9 /* ShapesInventory.swift */; };
/* End PBXBuildFile section */

/* Begin PBXFileReference section */
		DECA80451F3E24180093C5E9 /* BasicDraw.app */ = {isa = PBXFileReference; explicitFileType = wrapper.application; includeInIndex = 0; path = BasicDraw.app; sourceTree = BUILT_PRODUCTS_DIR; };
		DECA80481F3E24180093C5E9 /* AppDelegate.swift */ = {isa = PBXFileReference; lastKnownFileType = sourcecode.swift; path = AppDelegate.swift; sourceTree = "<group>"; };
		DECA804E1F3E24180093C5E9 /* GameScene.swift */ = {isa = PBXFileReference; lastKnownFileType = sourcecode.swift; path = GameScene.swift; sourceTree = "<group>"; };
		DECA80501F3E24180093C5E9 /* ViewController.swift */ = {isa = PBXFileReference; lastKnownFileType = sourcecode.swift; path = ViewController.swift; sourceTree = "<group>"; };
		DECA80521F3E24180093C5E9 /* Assets.xcassets */ = {isa = PBXFileReference; lastKnownFileType = folder.assetcatalog; path = Assets.xcassets; sourceTree = "<group>"; };
		DECA80551F3E24180093C5E9 /* Base */ = {isa = PBXFileReference; lastKnownFileType = file.storyboard; name = Base; path = Base.lproj/Main.storyboard; sourceTree = "<group>"; };
		DECA80571F3E24180093C5E9 /* Info.plist */ = {isa = PBXFileReference; lastKnownFileType = text.plist.xml; path = Info.plist; sourceTree = "<group>"; };
		DECA80581F3E24180093C5E9 /* BasicDraw.entitlements */ = {isa = PBXFileReference; lastKnownFileType = text.plist.entitlements; path = BasicDraw.entitlements; sourceTree = "<group>"; };
		DECA805E1F3EBC200093C5E9 /* Shape.swift */ = {isa = PBXFileReference; lastKnownFileType = sourcecode.swift; path = Shape.swift; sourceTree = "<group>"; };
		DECA80601F3EBFED0093C5E9 /* SpriteKitRenderer.swift */ = {isa = PBXFileReference; lastKnownFileType = sourcecode.swift; path = SpriteKitRenderer.swift; sourceTree = "<group>"; };
		DECA80621F3EC0D40093C5E9 /* Renderer.swift */ = {isa = PBXFileReference; lastKnownFileType = sourcecode.swift; path = Renderer.swift; sourceTree = "<group>"; };
		DECA80641F4086850093C5E9 /* ShapesInventory.swift */ = {isa = PBXFileReference; lastKnownFileType = sourcecode.swift; path = ShapesInventory.swift; sourceTree = "<group>"; };
/* End PBXFileReference section */

/* Begin PBXFrameworksBuildPhase section */
		DECA80421F3E24170093C5E9 /* Frameworks */ = {
			isa = PBXFrameworksBuildPhase;
			buildActionMask = 2147483647;
			files = (
			);
			runOnlyForDeploymentPostprocessing = 0;
		};
/* End PBXFrameworksBuildPhase section */

/* Begin PBXGroup section */
		DECA803C1F3E24170093C5E9 = {
			isa = PBXGroup;
			children = (
				DECA80471F3E24180093C5E9 /* BasicDraw */,
				DECA80461F3E24180093C5E9 /* Products */,
			);
			sourceTree = "<group>";
		};
		DECA80461F3E24180093C5E9 /* Products */ = {
			isa = PBXGroup;
			children = (
				DECA80451F3E24180093C5E9 /* BasicDraw.app */,
			);
			name = Products;
			sourceTree = "<group>";
		};
		DECA80471F3E24180093C5E9 /* BasicDraw */ = {
			isa = PBXGroup;
			children = (
				DECA80481F3E24180093C5E9 /* AppDelegate.swift */,
				DECA80501F3E24180093C5E9 /* ViewController.swift */,
				DECA804E1F3E24180093C5E9 /* GameScene.swift */,
				DECA805E1F3EBC200093C5E9 /* Shape.swift */,
				DECA80621F3EC0D40093C5E9 /* Renderer.swift */,
				DECA80601F3EBFED0093C5E9 /* SpriteKitRenderer.swift */,
				DECA80641F4086850093C5E9 /* ShapesInventory.swift */,
				DECA80521F3E24180093C5E9 /* Assets.xcassets */,
				DECA80541F3E24180093C5E9 /* Main.storyboard */,
				DECA80571F3E24180093C5E9 /* Info.plist */,
				DECA80581F3E24180093C5E9 /* BasicDraw.entitlements */,
			);
			path = BasicDraw;
			sourceTree = "<group>";
		};
/* End PBXGroup section */

/* Begin PBXNativeTarget section */
		DECA80441F3E24170093C5E9 /* BasicDraw */ = {
			isa = PBXNativeTarget;
			buildConfigurationList = DECA805B1F3E24180093C5E9 /* Build configuration list for PBXNativeTarget "BasicDraw" */;
			buildPhases = (
				DECA80411F3E24170093C5E9 /* Sources */,
				DECA80421F3E24170093C5E9 /* Frameworks */,
				DECA80431F3E24170093C5E9 /* Resources */,
			);
			buildRules = (
			);
			dependencies = (
			);
			name = BasicDraw;
			productName = BasicDraw;
			productReference = DECA80451F3E24180093C5E9 /* BasicDraw.app */;
			productType = "com.apple.product-type.application";
		};
/* End PBXNativeTarget section */

/* Begin PBXProject section */
		DECA803D1F3E24170093C5E9 /* Project object */ = {
			isa = PBXProject;
			attributes = {
				LastSwiftUpdateCheck = 0900;
				LastUpgradeCheck = 0900;
				ORGANIZATIONNAME = "Wesley Van der Klomp";
				TargetAttributes = {
					DECA80441F3E24170093C5E9 = {
						CreatedOnToolsVersion = 9.0;
					};
				};
			};
			buildConfigurationList = DECA80401F3E24170093C5E9 /* Build configuration list for PBXProject "BasicDraw" */;
			compatibilityVersion = "Xcode 8.0";
			developmentRegion = en;
			hasScannedForEncodings = 0;
			knownRegions = (
				en,
				Base,
			);
			mainGroup = DECA803C1F3E24170093C5E9;
			productRefGroup = DECA80461F3E24180093C5E9 /* Products */;
			projectDirPath = "";
			projectRoot = "";
			targets = (
				DECA80441F3E24170093C5E9 /* BasicDraw */,
			);
		};
/* End PBXProject section */

/* Begin PBXResourcesBuildPhase section */
		DECA80431F3E24170093C5E9 /* Resources */ = {
			isa = PBXResourcesBuildPhase;
			buildActionMask = 2147483647;
			files = (
				DECA80531F3E24180093C5E9 /* Assets.xcassets in Resources */,
				DECA80561F3E24180093C5E9 /* Main.storyboard in Resources */,
			);
			runOnlyForDeploymentPostprocessing = 0;
		};
/* End PBXResourcesBuildPhase section */

/* Begin PBXSourcesBuildPhase section */
		DECA80411F3E24170093C5E9 /* Sources */ = {
			isa = PBXSourcesBuildPhase;
			buildActionMask = 2147483647;
			files = (
				DECA80511F3E24180093C5E9 /* ViewController.swift in Sources */,
				DECA804F1F3E24180093C5E9 /* GameScene.swift in Sources */,
				DECA80491F3E24180093C5E9 /* AppDelegate.swift in Sources */,
				DECA80651F4086850093C5E9 /* ShapesInventory.swift in Sources */,
				DECA805F1F3EBC200093C5E9 /* Shape.swift in Sources */,
				DECA80631F3EC0D40093C5E9 /* Renderer.swift in Sources */,
				DECA80611F3EBFED0093C5E9 /* SpriteKitRenderer.swift in Sources */,
			);
			runOnlyForDeploymentPostprocessing = 0;
		};
/* End PBXSourcesBuildPhase section */

/* Begin PBXVariantGroup section */
		DECA80541F3E24180093C5E9 /* Main.storyboard */ = {
			isa = PBXVariantGroup;
			children = (
				DECA80551F3E24180093C5E9 /* Base */,
			);
			name = Main.storyboard;
			sourceTree = "<group>";
		};
/* End PBXVariantGroup section */

/* Begin XCBuildConfiguration section */
		DECA80591F3E24180093C5E9 /* Debug */ = {
			isa = XCBuildConfiguration;
			buildSettings = {
				ALWAYS_SEARCH_USER_PATHS = NO;
				CLANG_ANALYZER_NONNULL = YES;
				CLANG_ANALYZER_NUMBER_OBJECT_CONVERSION = YES_AGGRESSIVE;
				CLANG_CXX_LANGUAGE_STANDARD = "gnu++14";
				CLANG_CXX_LIBRARY = "libc++";
				CLANG_ENABLE_MODULES = YES;
				CLANG_ENABLE_OBJC_ARC = YES;
				CLANG_WARN_BLOCK_CAPTURE_AUTORELEASING = YES;
				CLANG_WARN_BOOL_CONVERSION = YES;
				CLANG_WARN_COMMA = YES;
				CLANG_WARN_CONSTANT_CONVERSION = YES;
				CLANG_WARN_DIRECT_OBJC_ISA_USAGE = YES_ERROR;
				CLANG_WARN_DOCUMENTATION_COMMENTS = YES;
				CLANG_WARN_EMPTY_BODY = YES;
				CLANG_WARN_ENUM_CONVERSION = YES;
				CLANG_WARN_INFINITE_RECURSION = YES;
				CLANG_WARN_INT_CONVERSION = YES;
				CLANG_WARN_NON_LITERAL_NULL_CONVERSION = YES;
				CLANG_WARN_OBJC_LITERAL_CONVERSION = YES;
				CLANG_WARN_OBJC_ROOT_CLASS = YES_ERROR;
				CLANG_WARN_RANGE_LOOP_ANALYSIS = YES;
				CLANG_WARN_STRICT_PROTOTYPES = YES;
				CLANG_WARN_SUSPICIOUS_MOVE = YES;
				CLANG_WARN_UNGUARDED_AVAILABILITY = YES_AGGRESSIVE;
				CLANG_WARN_UNREACHABLE_CODE = YES;
				CLANG_WARN__DUPLICATE_METHOD_MATCH = YES;
				CODE_SIGN_IDENTITY = "Mac Developer";
				COPY_PHASE_STRIP = NO;
				DEBUG_INFORMATION_FORMAT = dwarf;
				ENABLE_STRICT_OBJC_MSGSEND = YES;
				ENABLE_TESTABILITY = YES;
				GCC_C_LANGUAGE_STANDARD = gnu11;
				GCC_DYNAMIC_NO_PIC = NO;
				GCC_NO_COMMON_BLOCKS = YES;
				GCC_OPTIMIZATION_LEVEL = 0;
				GCC_PREPROCESSOR_DEFINITIONS = (
					"DEBUG=1",
					"$(inherited)",
				);
				GCC_WARN_64_TO_32_BIT_CONVERSION = YES;
				GCC_WARN_ABOUT_RETURN_TYPE = YES_ERROR;
				GCC_WARN_UNDECLARED_SELECTOR = YES;
				GCC_WARN_UNINITIALIZED_AUTOS = YES_AGGRESSIVE;
				GCC_WARN_UNUSED_FUNCTION = YES;
				GCC_WARN_UNUSED_VARIABLE = YES;
				MACOSX_DEPLOYMENT_TARGET = 10.12;
				MTL_ENABLE_DEBUG_INFO = YES;
				ONLY_ACTIVE_ARCH = YES;
				SDKROOT = macosx;
				SWIFT_ACTIVE_COMPILATION_CONDITIONS = DEBUG;
				SWIFT_OPTIMIZATION_LEVEL = "-Onone";
			};
			name = Debug;
		};
		DECA805A1F3E24180093C5E9 /* Release */ = {
			isa = XCBuildConfiguration;
			buildSettings = {
				ALWAYS_SEARCH_USER_PATHS = NO;
				CLANG_ANALYZER_NONNULL = YES;
				CLANG_ANALYZER_NUMBER_OBJECT_CONVERSION = YES_AGGRESSIVE;
				CLANG_CXX_LANGUAGE_STANDARD = "gnu++14";
				CLANG_CXX_LIBRARY = "libc++";
				CLANG_ENABLE_MODULES = YES;
				CLANG_ENABLE_OBJC_ARC = YES;
				CLANG_WARN_BLOCK_CAPTURE_AUTORELEASING = YES;
				CLANG_WARN_BOOL_CONVERSION = YES;
				CLANG_WARN_COMMA = YES;
				CLANG_WARN_CONSTANT_CONVERSION = YES;
				CLANG_WARN_DIRECT_OBJC_ISA_USAGE = YES_ERROR;
				CLANG_WARN_DOCUMENTATION_COMMENTS = YES;
				CLANG_WARN_EMPTY_BODY = YES;
				CLANG_WARN_ENUM_CONVERSION = YES;
				CLANG_WARN_INFINITE_RECURSION = YES;
				CLANG_WARN_INT_CONVERSION = YES;
				CLANG_WARN_NON_LITERAL_NULL_CONVERSION = YES;
				CLANG_WARN_OBJC_LITERAL_CONVERSION = YES;
				CLANG_WARN_OBJC_ROOT_CLASS = YES_ERROR;
				CLANG_WARN_RANGE_LOOP_ANALYSIS = YES;
				CLANG_WARN_STRICT_PROTOTYPES = YES;
				CLANG_WARN_SUSPICIOUS_MOVE = YES;
				CLANG_WARN_UNGUARDED_AVAILABILITY = YES_AGGRESSIVE;
				CLANG_WARN_UNREACHABLE_CODE = YES;
				CLANG_WARN__DUPLICATE_METHOD_MATCH = YES;
				CODE_SIGN_IDENTITY = "Mac Developer";
				COPY_PHASE_STRIP = NO;
				DEBUG_INFORMATION_FORMAT = "dwarf-with-dsym";
				ENABLE_NS_ASSERTIONS = NO;
				ENABLE_STRICT_OBJC_MSGSEND = YES;
				GCC_C_LANGUAGE_STANDARD = gnu11;
				GCC_NO_COMMON_BLOCKS = YES;
				GCC_WARN_64_TO_32_BIT_CONVERSION = YES;
				GCC_WARN_ABOUT_RETURN_TYPE = YES_ERROR;
				GCC_WARN_UNDECLARED_SELECTOR = YES;
				GCC_WARN_UNINITIALIZED_AUTOS = YES_AGGRESSIVE;
				GCC_WARN_UNUSED_FUNCTION = YES;
				GCC_WARN_UNUSED_VARIABLE = YES;
				MACOSX_DEPLOYMENT_TARGET = 10.12;
				MTL_ENABLE_DEBUG_INFO = NO;
				SDKROOT = macosx;
				SWIFT_OPTIMIZATION_LEVEL = "-Owholemodule";
			};
			name = Release;
		};
		DECA805C1F3E24180093C5E9 /* Debug */ = {
			isa = XCBuildConfiguration;
			buildSettings = {
				ASSETCATALOG_COMPILER_APPICON_NAME = AppIcon;
				CODE_SIGN_ENTITLEMENTS = BasicDraw/BasicDraw.entitlements;
				COMBINE_HIDPI_IMAGES = YES;
				DEVELOPMENT_TEAM = B2HHR6H4K6;
				INFOPLIST_FILE = BasicDraw/Info.plist;
				LD_RUNPATH_SEARCH_PATHS = "$(inherited) @executable_path/../Frameworks";
				PRODUCT_BUNDLE_IDENTIFIER = vdk.wes.BasicDraw;
				PRODUCT_NAME = "$(TARGET_NAME)";
				SWIFT_VERSION = 4.0;
			};
			name = Debug;
		};
		DECA805D1F3E24180093C5E9 /* Release */ = {
			isa = XCBuildConfiguration;
			buildSettings = {
				ASSETCATALOG_COMPILER_APPICON_NAME = AppIcon;
				CODE_SIGN_ENTITLEMENTS = BasicDraw/BasicDraw.entitlements;
				COMBINE_HIDPI_IMAGES = YES;
				DEVELOPMENT_TEAM = B2HHR6H4K6;
				INFOPLIST_FILE = BasicDraw/Info.plist;
				LD_RUNPATH_SEARCH_PATHS = "$(inherited) @executable_path/../Frameworks";
				PRODUCT_BUNDLE_IDENTIFIER = vdk.wes.BasicDraw;
				PRODUCT_NAME = "$(TARGET_NAME)";
				SWIFT_VERSION = 4.0;
			};
			name = Release;
		};
/* End XCBuildConfiguration section */

/* Begin XCConfigurationList section */
		DECA80401F3E24170093C5E9 /* Build configuration list for PBXProject "BasicDraw" */ = {
			isa = XCConfigurationList;
			buildConfigurations = (
				DECA80591F3E24180093C5E9 /* Debug */,
				DECA805A1F3E24180093C5E9 /* Release */,
			);
			defaultConfigurationIsVisible = 0;
			defaultConfigurationName = Release;
		};
		DECA805B1F3E24180093C5E9 /* Build configuration list for PBXNativeTarget "BasicDraw" */ = {
			isa = XCConfigurationList;
			buildConfigurations = (
				DECA805C1F3E24180093C5E9 /* Debug */,
				DECA805D1F3E24180093C5E9 /* Release */,
			);
			defaultConfigurationIsVisible = 0;
			defaultConfigurationName = Release;
		};
/* End XCConfigurationList section */
	};
	rootObject = DECA803D1F3E24170093C5E9 /* Project object */;
}
